<?xml version='1.0' encoding='UTF-8'?>
<OpenIOC xmlns:xsi="http://www.w3.org/2001/XMLSchema-instance" xmlns:xsd="http://www.w3.org/2001/XMLSchema" xmlns="http://openioc.org/schemas/OpenIOC_1.1" id="c449cf90-4821-47cd-971d-7ff00111cad1" last-modified="2015-07-29T05:36:41" published-date="2015-07-29T05:36:41">
    <metadata>
        <short_description>Rook</short_description>
        <description>
            IOC
        </description>
        <keywords/>
        <authored_by>Rook Security</authored_by>
        <authored_date>2015-07-29T05:36:41</authored_date>
        <links/>
    </metadata>
    <criteria>
        <Indicator operator="OR" id="c91a6ced-36f9-4f75-a02d-5899249eef73">
            <Indicator operator="OR" id="2cc861d5-b5f6-441d-a723-72cb5a01c6df">
                <IndicatorItem id="0894b06d-fe2a-4d19-b34d-646350549613" condition="contains" preserve-case="false" negate="false">
                    <Context document="FileItem" search="FileItem/FileName" type="mir"/>
                    <Content type="string">bbmdecoder</Content>
                </IndicatorItem>
                <IndicatorItem id="71ae5492-ebc1-4a89-a9f9-aa5759b1648f" condition="contains" preserve-case="false" negate="false">
                    <Context document="FileItem" search="FileItem/Md5sum" type="mir"/>
                    <Content type="md5">a3f4b24b9cad73e5e3977cc6dcb1637a</Content>
                </IndicatorItem>
                <IndicatorItem id="e55d3890-fc32-4a7d-a749-88310cfcb08c" condition="contains" preserve-case="false" negate="false">
                    <Context document="FileItem" search="FileItem/Sha256sum" type="mir"/>
                    <Content type="sha256">ceee22f4dc00e899d602ba6c93f9d40fe4bf22453031fab36b82029cbd8778c3</Content>
                </IndicatorItem>
                <IndicatorItem id="06f06fda-b4fd-41e2-be68-849461536a35" condition="contains" preserve-case="false" negate="false">
                    <Context document="FileItem" search="FileItem/Sha1sum" type="mir"/>
                    <Content type="sha1">585f1a54138692bad7d43a4807d5b86f7d179722</Content>
                </IndicatorItem>
            </Indicator> 
            <Indicator operator="OR" id="40e3a639-1d9f-4b1b-98a5-9d69bd2a7c90">
                <IndicatorItem id="f3b44f65-a4a4-4531-8770-00dc29a5bad7" condition="contains" preserve-case="false" negate="false">
                    <Context document="FileItem" search="FileItem/FileName" type="mir"/>
                    <Content type="string">daemonize</Content>
                </IndicatorItem>
                <IndicatorItem id="f2c26019-02ca-426f-8e53-f1fb7e7046d5" condition="contains" preserve-case="false" negate="false">
                    <Context document="FileItem" search="FileItem/Md5sum" type="mir"/>
                    <Content type="md5">2f301e7283746774ce78a987059dafb3</Content>
                </IndicatorItem>
                <IndicatorItem id="c066ead7-6e59-4333-a068-d4eb5a86b8b4" condition="contains" preserve-case="false" negate="false">
                    <Context document="FileItem" search="FileItem/Sha256sum" type="mir"/>
                    <Content type="sha256">ea1b1f409b29a5ccd157703599f875854bb679d06c6080984c6c1fe45ea9a9b4</Content>
                </IndicatorItem>
                <IndicatorItem id="0b1cb615-5546-40cb-8ba9-f7eab5339d43" condition="contains" preserve-case="false" negate="false">
                    <Context document="FileItem" search="FileItem/Sha1sum" type="mir"/>
                    <Content type="sha1">75c1f98ed4258bc9ad8022759cb74536ed944147</Content>
                </IndicatorItem>
            </Indicator> 
            <Indicator operator="OR" id="12614677-889f-4898-b19b-f4ee23c26ec9">
                <IndicatorItem id="333b86de-c57a-4e3b-80aa-8425027545ba" condition="contains" preserve-case="false" negate="false">
                    <Context document="FileItem" search="FileItem/FileName" type="mir"/>
                    <Content type="string">download</Content>
                </IndicatorItem>
                <IndicatorItem id="36b1383a-0c05-46dc-b44a-abbe0b5e9339" condition="contains" preserve-case="false" negate="false">
                    <Context document="FileItem" search="FileItem/Md5sum" type="mir"/>
                    <Content type="md5">87f3216f157bea9578ed5773f38b909b</Content>
                </IndicatorItem>
                <IndicatorItem id="bc54ea3e-5f84-4a1a-a2b1-605c78dd6b00" condition="contains" preserve-case="false" negate="false">
                    <Context document="FileItem" search="FileItem/Sha256sum" type="mir"/>
                    <Content type="sha256">36ddc07510825fc7bbd6ac9fcda6f50504cb5a18381a71603af9bec2ea2b032d</Content>
                </IndicatorItem>
                <IndicatorItem id="34730346-bc8a-4566-9e86-2b333b861130" condition="contains" preserve-case="false" negate="false">
                    <Context document="FileItem" search="FileItem/Sha1sum" type="mir"/>
                    <Content type="sha1">df1ac2f7b357a9a0f01f45d301e7808f56a19b7c</Content>
                </IndicatorItem>
            </Indicator> 
            <Indicator operator="OR" id="34241667-00ca-49ab-8f4d-706155d34054">
                <IndicatorItem id="e85de8e8-fca5-4e7e-a91c-7f82b3c7461e" condition="contains" preserve-case="false" negate="false">
                    <Context document="FileItem" search="FileItem/FileName" type="mir"/>
                    <Content type="string">ec</Content>
                </IndicatorItem>
                <IndicatorItem id="5e762cc8-1cf9-4f81-9e39-3acf5fbe67c8" condition="contains" preserve-case="false" negate="false">
                    <Context document="FileItem" search="FileItem/Md5sum" type="mir"/>
                    <Content type="md5">63da373e86d98b51440581c4b35b23ff</Content>
                </IndicatorItem>
                <IndicatorItem id="c6ada136-f06e-4514-938c-aab2f461552d" condition="contains" preserve-case="false" negate="false">
                    <Context document="FileItem" search="FileItem/Sha256sum" type="mir"/>
                    <Content type="sha256">5b78a123bc37317ab187737377a34cb4d2ce2f85fc4313b4e76fb7bd1f7e8fab</Content>
                </IndicatorItem>
                <IndicatorItem id="ed6f2111-d3b6-49b6-85d4-210792d63ed7" condition="contains" preserve-case="false" negate="false">
                    <Context document="FileItem" search="FileItem/Sha1sum" type="mir"/>
                    <Content type="sha1">00678cbb4d2abe5e1b927011dcfc26173f82a500</Content>
                </IndicatorItem>
            </Indicator> 
            <Indicator operator="OR" id="0579a98e-353c-4bd1-9552-119a742c1bfb">
                <IndicatorItem id="556f5c33-059d-4a40-a654-c32f85e6890f" condition="contains" preserve-case="false" negate="false">
                    <Context document="FileItem" search="FileItem/FileName" type="mir"/>
                    <Content type="string">expl_check</Content>
                </IndicatorItem>
                <IndicatorItem id="56a62b07-939b-4d04-a235-839447e1c500" condition="contains" preserve-case="false" negate="false">
                    <Context document="FileItem" search="FileItem/Md5sum" type="mir"/>
                    <Content type="md5">adf687fb7bb345d8fa445f022f817694</Content>
                </IndicatorItem>
                <IndicatorItem id="2bfd25a0-c453-407b-aaf4-e3139ddfddd0" condition="contains" preserve-case="false" negate="false">
                    <Context document="FileItem" search="FileItem/Sha256sum" type="mir"/>
                    <Content type="sha256">672318ef7c73936e562a95006e8b29f414f85741e92d937e7c62ef0017ed9e9a</Content>
                </IndicatorItem>
                <IndicatorItem id="890b20bf-4e9f-429b-a6af-275b28fa0f3d" condition="contains" preserve-case="false" negate="false">
                    <Context document="FileItem" search="FileItem/Sha1sum" type="mir"/>
                    <Content type="sha1">207a0f8f5e65d5d2c7a862eef65cd978029cb6cf</Content>
                </IndicatorItem>
            </Indicator> 
            <Indicator operator="OR" id="5a52b60a-bfee-49e4-bbcb-1be5d2c349c5">
                <IndicatorItem id="7240f700-46ec-4741-aea9-bf8a6b3bbcd4" condition="contains" preserve-case="false" negate="false">
                    <Context document="FileItem" search="FileItem/FileName" type="mir"/>
                    <Content type="string">expl_check</Content>
                </IndicatorItem>
                <IndicatorItem id="9f3ddb4e-da71-43c3-8f7f-2097e2d14acb" condition="contains" preserve-case="false" negate="false">
                    <Context document="FileItem" search="FileItem/Md5sum" type="mir"/>
                    <Content type="md5">f0d0b2bf1a311ee98486a7eff3228041</Content>
                </IndicatorItem>
                <IndicatorItem id="7295304d-1967-447b-8ce1-5bc00f99c7e2" condition="contains" preserve-case="false" negate="false">
                    <Context document="FileItem" search="FileItem/Sha256sum" type="mir"/>
                    <Content type="sha256">29028c75bea7874b881309287c94ac532de8df0549be9683cd72e421a6229573</Content>
                </IndicatorItem>
                <IndicatorItem id="c103f0e9-1367-4851-aa3c-93d9c6d3bead" condition="contains" preserve-case="false" negate="false">
                    <Context document="FileItem" search="FileItem/Sha1sum" type="mir"/>
                    <Content type="sha1">b71050d0520c7088dfc9be1e7dfc9c24d2244339</Content>
                </IndicatorItem>
            </Indicator> 
            <Indicator operator="OR" id="084b7da7-a8ad-4caf-b07c-eb000d4a089d">
                <IndicatorItem id="1d1f9b54-465c-4080-9c53-97296e236f9f" condition="contains" preserve-case="false" negate="false">
                    <Context document="FileItem" search="FileItem/FileName" type="mir"/>
                    <Content type="string">expl_check</Content>
                </IndicatorItem>
                <IndicatorItem id="dc7572c5-2cb0-4ac5-ad51-ba60d0895a05" condition="contains" preserve-case="false" negate="false">
                    <Context document="FileItem" search="FileItem/Md5sum" type="mir"/>
                    <Content type="md5">ccbb7f8675e427c16e3050312bb24f3e</Content>
                </IndicatorItem>
                <IndicatorItem id="abd7e55c-edb7-4252-9037-1a728a805df2" condition="contains" preserve-case="false" negate="false">
                    <Context document="FileItem" search="FileItem/Sha256sum" type="mir"/>
                    <Content type="sha256">69f60a94b1014f1ef59c7d1cc0df925ef255734ac402e7d2525e73e1efd83905</Content>
                </IndicatorItem>
                <IndicatorItem id="722f1d0d-0f6f-458f-8e1a-d62ca587ecd2" condition="contains" preserve-case="false" negate="false">
                    <Context document="FileItem" search="FileItem/Sha1sum" type="mir"/>
                    <Content type="sha1">5ae013e771b54c3b74aff2fd6084962f6bb3c8c6</Content>
                </IndicatorItem>
            </Indicator> 
            <Indicator operator="OR" id="0adc8e16-6924-4ad4-8d62-82776062405c">
                <IndicatorItem id="e37e6431-4083-42e0-addc-bd88b2e07ce6" condition="contains" preserve-case="false" negate="false">
                    <Context document="FileItem" search="FileItem/FileName" type="mir"/>
                    <Content type="string">expl_check</Content>
                </IndicatorItem>
                <IndicatorItem id="a93bac02-14b8-471b-b381-e2995f16c11c" condition="contains" preserve-case="false" negate="false">
                    <Context document="FileItem" search="FileItem/Md5sum" type="mir"/>
                    <Content type="md5">c2259da51fb08dccea5247288ada90cd</Content>
                </IndicatorItem>
                <IndicatorItem id="d23b5240-f9c2-4f31-adb4-bcfdfe341f3c" condition="contains" preserve-case="false" negate="false">
                    <Context document="FileItem" search="FileItem/Sha256sum" type="mir"/>
                    <Content type="sha256">bdd1369c4ce15a17bd35323630d08f169e2672b80bbf0a885deefaa27a8f3171</Content>
                </IndicatorItem>
                <IndicatorItem id="56036159-1582-472d-8cea-fb98c455f941" condition="contains" preserve-case="false" negate="false">
                    <Context document="FileItem" search="FileItem/Sha1sum" type="mir"/>
                    <Content type="sha1">cd81922f30115f6cab75770aa4bb9834ad591035</Content>
                </IndicatorItem>
            </Indicator> 
            <Indicator operator="OR" id="f39c9dad-9af5-4702-b616-599581cadd75">
                <IndicatorItem id="d3d0c36f-011b-4389-9e87-f7c544691840" condition="contains" preserve-case="false" negate="false">
                    <Context document="FileItem" search="FileItem/FileName" type="mir"/>
                    <Content type="string">expl_check</Content>
                </IndicatorItem>
                <IndicatorItem id="f4317127-ad9d-4492-9588-048d41d59ad0" condition="contains" preserve-case="false" negate="false">
                    <Context document="FileItem" search="FileItem/Md5sum" type="mir"/>
                    <Content type="md5">fa286dcb5f9b823159fbb8ce8d25b1d6</Content>
                </IndicatorItem>
                <IndicatorItem id="12c8da77-c5b3-4a04-9606-7327964f075e" condition="contains" preserve-case="false" negate="false">
                    <Context document="FileItem" search="FileItem/Sha256sum" type="mir"/>
                    <Content type="sha256">965c44e7f2598f606c6c965ecfcce722c4c77f6753feea62ac4d5674b6543dff</Content>
                </IndicatorItem>
                <IndicatorItem id="52714378-5e51-42d6-8287-0c091c43ad77" condition="contains" preserve-case="false" negate="false">
                    <Context document="FileItem" search="FileItem/Sha1sum" type="mir"/>
                    <Content type="sha1">4d4df4041225bea89ca57bc30b954094440c3240</Content>
                </IndicatorItem>
            </Indicator> 
            <Indicator operator="OR" id="c6528bbf-eb54-4f72-8b98-aaf2ffbb0283">
                <IndicatorItem id="6c4c00d4-4ba5-426b-b2d6-c21e8149bcdc" condition="contains" preserve-case="false" negate="false">
                    <Context document="FileItem" search="FileItem/FileName" type="mir"/>
                    <Content type="string">fourrunnerStatic_2.1.5767a</Content>
                </IndicatorItem>
                <IndicatorItem id="acdee6c1-c8e7-4b89-bc91-22611d37d58d" condition="contains" preserve-case="false" negate="false">
                    <Context document="FileItem" search="FileItem/Md5sum" type="mir"/>
                    <Content type="md5">6d73b1ba651e57cdbff9d0bd57ff06c9</Content>
                </IndicatorItem>
                <IndicatorItem id="4f068505-06de-4faa-8f20-f3ee393ad7cf" condition="contains" preserve-case="false" negate="false">
                    <Context document="FileItem" search="FileItem/Sha256sum" type="mir"/>
                    <Content type="sha256">9fa8ab680164bf0e2311d25e7a16870276a86ce719e3474f9027d6101a289329</Content>
                </IndicatorItem>
                <IndicatorItem id="66904e76-e2db-4213-974d-b9307c14d9e2" condition="contains" preserve-case="false" negate="false">
                    <Context document="FileItem" search="FileItem/Sha1sum" type="mir"/>
                    <Content type="sha1">6ca378b9283a8b0074bbc2200cea83f6381ef0f1</Content>
                </IndicatorItem>
            </Indicator> 
            <Indicator operator="OR" id="859256f1-b9c1-436f-b5f0-79f0d2480abc">
                <IndicatorItem id="13fb2121-3317-40db-8571-234a697c5a55" condition="contains" preserve-case="false" negate="false">
                    <Context document="FileItem" search="FileItem/FileName" type="mir"/>
                    <Content type="string">hijack</Content>
                </IndicatorItem>
                <IndicatorItem id="a6048e3f-b056-4d2b-a273-258347b7777c" condition="contains" preserve-case="false" negate="false">
                    <Context document="FileItem" search="FileItem/Md5sum" type="mir"/>
                    <Content type="md5">31054ee51bc3de60e1b2df36f32ec504</Content>
                </IndicatorItem>
                <IndicatorItem id="925bd1e6-534e-45f9-a1c8-bee31fc7154b" condition="contains" preserve-case="false" negate="false">
                    <Context document="FileItem" search="FileItem/Sha256sum" type="mir"/>
                    <Content type="sha256">ccba6024b2d7c2bf191a47dcde16067f5f7c29297da7f1fbcd6535e555f4ca79</Content>
                </IndicatorItem>
                <IndicatorItem id="1c4ff01b-ecf8-49ff-95aa-09208cefcb94" condition="contains" preserve-case="false" negate="false">
                    <Context document="FileItem" search="FileItem/Sha1sum" type="mir"/>
                    <Content type="sha1">f9d0e922462dc42466af177593bcc4662c786392</Content>
                </IndicatorItem>
            </Indicator> 
            <Indicator operator="OR" id="7a40f698-ac76-4a06-a37b-157789b45220">
                <IndicatorItem id="ce3f0688-2320-4682-ba16-688799784b94" condition="contains" preserve-case="false" negate="false">
                    <Context document="FileItem" search="FileItem/FileName" type="mir"/>
                    <Content type="string">instroot</Content>
                </IndicatorItem>
                <IndicatorItem id="cb7048a0-3262-4e2b-b04a-6e1e2167cbe7" condition="contains" preserve-case="false" negate="false">
                    <Context document="FileItem" search="FileItem/Md5sum" type="mir"/>
                    <Content type="md5">00052856ca1cf0321275ad0d16858747</Content>
                </IndicatorItem>
                <IndicatorItem id="7169e74b-1227-4992-a097-c8585cea050c" condition="contains" preserve-case="false" negate="false">
                    <Context document="FileItem" search="FileItem/Sha256sum" type="mir"/>
                    <Content type="sha256">10838fd5199ff78afd2bc7468e3f069b72a5230f181e790eddaa91a5b65fee2d</Content>
                </IndicatorItem>
                <IndicatorItem id="c4d32f0b-f340-4f3e-b829-61133f9bb0a3" condition="contains" preserve-case="false" negate="false">
                    <Context document="FileItem" search="FileItem/Sha1sum" type="mir"/>
                    <Content type="sha1">5470a32024c45c90b267374784d302762087ff3d</Content>
                </IndicatorItem>
            </Indicator> 
            <Indicator operator="OR" id="f36615a6-4787-41fa-b360-b6b3e320497a">
                <IndicatorItem id="e51c82b5-a3c3-4bb5-ba59-22ab11791f5c" condition="contains" preserve-case="false" negate="false">
                    <Context document="FileItem" search="FileItem/FileName" type="mir"/>
                    <Content type="string">local_exploit</Content>
                </IndicatorItem>
                <IndicatorItem id="b7d8cbb3-ef03-4dab-86f4-c6c9a9de73ef" condition="contains" preserve-case="false" negate="false">
                    <Context document="FileItem" search="FileItem/Md5sum" type="mir"/>
                    <Content type="md5">5fe6408b388df1c6ceb24bb540dbae73</Content>
                </IndicatorItem>
                <IndicatorItem id="08ff44d8-71ae-473d-9755-aeaa847efa24" condition="contains" preserve-case="false" negate="false">
                    <Context document="FileItem" search="FileItem/Sha256sum" type="mir"/>
                    <Content type="sha256">e8d00b0f9194b4a0d8ea43bf994c4df6b41a87e78f5fa7531c60e4ab1ce2b74d</Content>
                </IndicatorItem>
                <IndicatorItem id="27b277ed-d28d-46fd-a261-5964c48d0433" condition="contains" preserve-case="false" negate="false">
                    <Context document="FileItem" search="FileItem/Sha1sum" type="mir"/>
                    <Content type="sha1">fc89ecc6f1a8ae31e31f3c8f32f1d0d961b24423</Content>
                </IndicatorItem>
            </Indicator> 
            <Indicator operator="OR" id="40243927-9fa3-4def-8e8a-edf5f4920283">
                <IndicatorItem id="3dce6eaf-ad03-456b-a67b-1e59a55374c1" condition="contains" preserve-case="false" negate="false">
                    <Context document="FileItem" search="FileItem/FileName" type="mir"/>
                    <Content type="string">local_exploit</Content>
                </IndicatorItem>
                <IndicatorItem id="98e076a8-3335-4cba-8211-8b9e43b9d9fe" condition="contains" preserve-case="false" negate="false">
                    <Context document="FileItem" search="FileItem/Md5sum" type="mir"/>
                    <Content type="md5">087510b5d218d07eb0ce11f1721a21d1</Content>
                </IndicatorItem>
                <IndicatorItem id="8760ee77-574c-47db-a41a-4205e8e19d8b" condition="contains" preserve-case="false" negate="false">
                    <Context document="FileItem" search="FileItem/Sha256sum" type="mir"/>
                    <Content type="sha256">b4936b372f772de7faf2e0e2d8861df63ce7e24002eab3d7953820127be48cfd</Content>
                </IndicatorItem>
                <IndicatorItem id="3cacf525-7839-4e75-b75c-300b03e6f3c3" condition="contains" preserve-case="false" negate="false">
                    <Context document="FileItem" search="FileItem/Sha1sum" type="mir"/>
                    <Content type="sha1">848f70ed83ba63f11a2b34a46d35a3c0c13011a6</Content>
                </IndicatorItem>
            </Indicator> 
            <Indicator operator="OR" id="9324ab57-4a81-4e84-8bf5-7e11167f5be2">
                <IndicatorItem id="bfed1970-d7f2-4bdf-955d-86691ae8ec6f" condition="contains" preserve-case="false" negate="false">
                    <Context document="FileItem" search="FileItem/FileName" type="mir"/>
                    <Content type="string">local_exploit</Content>
                </IndicatorItem>
                <IndicatorItem id="56a1b21a-3cb0-41b9-843b-22c9ab1ad59d" condition="contains" preserve-case="false" negate="false">
                    <Context document="FileItem" search="FileItem/Md5sum" type="mir"/>
                    <Content type="md5">0daac498e33d8d2dca8241415b7df24f</Content>
                </IndicatorItem>
                <IndicatorItem id="766d88a4-1ea9-44db-964c-88d40091355a" condition="contains" preserve-case="false" negate="false">
                    <Context document="FileItem" search="FileItem/Sha256sum" type="mir"/>
                    <Content type="sha256">595c3a71f7ca4a7e345823e23b5525c92bc58d1765d1acf7eb28253b677d4eb7</Content>
                </IndicatorItem>
                <IndicatorItem id="ef81d5db-a830-4d72-bd4b-23077476bfcc" condition="contains" preserve-case="false" negate="false">
                    <Context document="FileItem" search="FileItem/Sha1sum" type="mir"/>
                    <Content type="sha1">cf9adf31dcadb1ce12f635affd3b8a9178b222c1</Content>
                </IndicatorItem>
            </Indicator> 
            <Indicator operator="OR" id="aec40ce4-4dcf-4501-a8c8-5b3cfa9ee8ea">
                <IndicatorItem id="b1f791a2-e7d4-4702-909e-14c16f787793" condition="contains" preserve-case="false" negate="false">
                    <Context document="FileItem" search="FileItem/FileName" type="mir"/>
                    <Content type="string">local_exploit</Content>
                </IndicatorItem>
                <IndicatorItem id="3de4ac51-32f8-4d64-8cb3-85f0301ae0e3" condition="contains" preserve-case="false" negate="false">
                    <Context document="FileItem" search="FileItem/Md5sum" type="mir"/>
                    <Content type="md5">ea2057ecbea462e861d5570dc476a65f</Content>
                </IndicatorItem>
                <IndicatorItem id="782418c7-5fb1-42a5-b43a-ade183676899" condition="contains" preserve-case="false" negate="false">
                    <Context document="FileItem" search="FileItem/Sha256sum" type="mir"/>
                    <Content type="sha256">72a699181c868f7dc4a6bb6c59f5cf96ee0295c3292d2dcacfd6d0f3cd0472dc</Content>
                </IndicatorItem>
                <IndicatorItem id="cca0d505-0c6f-4fa7-9443-09a7e5e4b874" condition="contains" preserve-case="false" negate="false">
                    <Context document="FileItem" search="FileItem/Sha1sum" type="mir"/>
                    <Content type="sha1">84ae6343388395629cb74b4d81abeedd8fe35115</Content>
                </IndicatorItem>
            </Indicator> 
            <Indicator operator="OR" id="c859a6cf-1954-49af-a147-6877e08c3125">
                <IndicatorItem id="bee2635f-ae58-4a22-bd39-4e1ac9d735e7" condition="contains" preserve-case="false" negate="false">
                    <Context document="FileItem" search="FileItem/FileName" type="mir"/>
                    <Content type="string">local_exploit</Content>
                </IndicatorItem>
                <IndicatorItem id="28bc9615-7d00-454a-9a17-c7d99a9c2cc5" condition="contains" preserve-case="false" negate="false">
                    <Context document="FileItem" search="FileItem/Md5sum" type="mir"/>
                    <Content type="md5">8c02e08f7884c5adfa066f09c301bc6d</Content>
                </IndicatorItem>
                <IndicatorItem id="0cd58bbf-2a73-4716-b591-5fe6bd8017a3" condition="contains" preserve-case="false" negate="false">
                    <Context document="FileItem" search="FileItem/Sha256sum" type="mir"/>
                    <Content type="sha256">f3e2fd54aa573051bcd36d4cc9e05ba11223d408f90b7fe00b31fa7103b04ae6</Content>
                </IndicatorItem>
                <IndicatorItem id="fbb19ac6-653f-4420-8809-ce4523ea484d" condition="contains" preserve-case="false" negate="false">
                    <Context document="FileItem" search="FileItem/Sha1sum" type="mir"/>
                    <Content type="sha1">ab73367fcc97d64b5eeefbb9b75201a4f6b9fd3e</Content>
                </IndicatorItem>
            </Indicator> 
            <Indicator operator="OR" id="c5fe981b-ded0-4039-a75c-94c9023c507e">
                <IndicatorItem id="96e9205b-bcae-419c-95dc-010cd42604df" condition="contains" preserve-case="false" negate="false">
                    <Context document="FileItem" search="FileItem/FileName" type="mir"/>
                    <Content type="string">nandreadStatic_2.1.5767a</Content>
                </IndicatorItem>
                <IndicatorItem id="75ee9f0e-01b2-4a2c-b657-1fcd49cffef3" condition="contains" preserve-case="false" negate="false">
                    <Context document="FileItem" search="FileItem/Md5sum" type="mir"/>
                    <Content type="md5">2f0a665a8b90e570dcc8db5789178230</Content>
                </IndicatorItem>
                <IndicatorItem id="b0adc8fe-ceb6-4c6b-8091-6207182e125c" condition="contains" preserve-case="false" negate="false">
                    <Context document="FileItem" search="FileItem/Sha256sum" type="mir"/>
                    <Content type="sha256">c38b1a8b3d2ecdb75ef34987f7c35082df3d319538e56fb74b0a0702b81555aa</Content>
                </IndicatorItem>
                <IndicatorItem id="92fe81af-a23f-4a02-9ea2-d17a1b5fdf63" condition="contains" preserve-case="false" negate="false">
                    <Context document="FileItem" search="FileItem/Sha1sum" type="mir"/>
                    <Content type="sha1">88d0e537d55128346aaab47c90c631eabd18e53c</Content>
                </IndicatorItem>
            </Indicator> 
            <Indicator operator="OR" id="3c9b808d-33ed-457b-8b9d-c189460ac0fd">
                <IndicatorItem id="5e38ca23-a785-4ddb-b22e-d79442b43277" condition="contains" preserve-case="false" negate="false">
                    <Context document="FileItem" search="FileItem/FileName" type="mir"/>
                    <Content type="string">selinux4_check</Content>
                </IndicatorItem>
                <IndicatorItem id="96005fc4-72b5-4c54-a985-23ad71a4f1ca" condition="contains" preserve-case="false" negate="false">
                    <Context document="FileItem" search="FileItem/Md5sum" type="mir"/>
                    <Content type="md5">4114895ed89aa58492c399804896a3b2</Content>
                </IndicatorItem>
                <IndicatorItem id="5003e2bd-9f33-432d-a0db-6db1e395a5f5" condition="contains" preserve-case="false" negate="false">
                    <Context document="FileItem" search="FileItem/Sha256sum" type="mir"/>
                    <Content type="sha256">9b50885ceb5624597d130a5f66fbcd6295aacb127509a91c8e9b62304fe60668</Content>
                </IndicatorItem>
                <IndicatorItem id="1dd67588-1359-42c6-ac5a-1d1d4026a4a1" condition="contains" preserve-case="false" negate="false">
                    <Context document="FileItem" search="FileItem/Sha1sum" type="mir"/>
                    <Content type="sha1">b466fb81bab99ea855b46d877b48ce1e64a2cc56</Content>
                </IndicatorItem>
            </Indicator> 
            <Indicator operator="OR" id="23500f51-c494-4f92-bf1a-c028f3bf1477">
                <IndicatorItem id="27972c52-db4c-4f80-978a-9756efa08f98" condition="contains" preserve-case="false" negate="false">
                    <Context document="FileItem" search="FileItem/FileName" type="mir"/>
                    <Content type="string">selinux4_check</Content>
                </IndicatorItem>
                <IndicatorItem id="ac91fa1a-503a-4d1f-9a49-25ab4b0a34e7" condition="contains" preserve-case="false" negate="false">
                    <Context document="FileItem" search="FileItem/Md5sum" type="mir"/>
                    <Content type="md5">cf9d0c60afdeb60673f55da2e6271792</Content>
                </IndicatorItem>
                <IndicatorItem id="877aa274-715b-492c-8049-50c84b99f45a" condition="contains" preserve-case="false" negate="false">
                    <Context document="FileItem" search="FileItem/Sha256sum" type="mir"/>
                    <Content type="sha256">61c508a04dce3286fdb86720d4c0b7a1a94e4a330279bb8c507080451715d0e9</Content>
                </IndicatorItem>
                <IndicatorItem id="36050116-8b58-4452-8ee6-dad7c4f49e55" condition="contains" preserve-case="false" negate="false">
                    <Context document="FileItem" search="FileItem/Sha1sum" type="mir"/>
                    <Content type="sha1">f00a3510b09cb45eed2986fd52859879e4676d8e</Content>
                </IndicatorItem>
            </Indicator> 
            <Indicator operator="OR" id="e8a54ffb-4f3e-45cd-88f3-bc1369fa26bb">
                <IndicatorItem id="d29751c4-ed68-46ac-8a3a-de3e63e3371a" condition="contains" preserve-case="false" negate="false">
                    <Context document="FileItem" search="FileItem/FileName" type="mir"/>
                    <Content type="string">selinux4_check</Content>
                </IndicatorItem>
                <IndicatorItem id="d98993b9-2530-4e2e-8bdc-91d7e3745a08" condition="contains" preserve-case="false" negate="false">
                    <Context document="FileItem" search="FileItem/Md5sum" type="mir"/>
                    <Content type="md5">81eea0c3e6db88781736bf06d4e3112b</Content>
                </IndicatorItem>
                <IndicatorItem id="da6fe68e-22a5-4d47-92ca-cfa86ff2cd5f" condition="contains" preserve-case="false" negate="false">
                    <Context document="FileItem" search="FileItem/Sha256sum" type="mir"/>
                    <Content type="sha256">ac1df4b2e63101652c21b6a66728564600f97467b365b3bf1f594aee904948e7</Content>
                </IndicatorItem>
                <IndicatorItem id="c3c0ff44-32dc-41a0-bc60-41b8d32cb42a" condition="contains" preserve-case="false" negate="false">
                    <Context document="FileItem" search="FileItem/Sha1sum" type="mir"/>
                    <Content type="sha1">aa1b9d22d7427a2193b5d1b6c7c554ea1be79ef5</Content>
                </IndicatorItem>
            </Indicator> 
            <Indicator operator="OR" id="1653e0bc-3190-481e-ad36-f345e474e35a">
                <IndicatorItem id="bba0f168-3b13-4dc5-8950-8f6e4652f0e1" condition="contains" preserve-case="false" negate="false">
                    <Context document="FileItem" search="FileItem/FileName" type="mir"/>
                    <Content type="string">selinux4_exploit</Content>
                </IndicatorItem>
                <IndicatorItem id="14f96294-8043-4068-8913-09235ea7fa0c" condition="contains" preserve-case="false" negate="false">
                    <Context document="FileItem" search="FileItem/Md5sum" type="mir"/>
                    <Content type="md5">f9afe8605132d58f457ad61c4fbb1100</Content>
                </IndicatorItem>
                <IndicatorItem id="5ec786a1-d762-4b8f-9c9e-2f4dc14a9023" condition="contains" preserve-case="false" negate="false">
                    <Context document="FileItem" search="FileItem/Sha256sum" type="mir"/>
                    <Content type="sha256">1bad86d89f5083a5fed48dcff10942e6e7603ebb0c3979083c6bc3e81d9018a0</Content>
                </IndicatorItem>
                <IndicatorItem id="1e517b03-a7d9-41b8-a79b-917bac749286" condition="contains" preserve-case="false" negate="false">
                    <Context document="FileItem" search="FileItem/Sha1sum" type="mir"/>
                    <Content type="sha1">c8fe12a01f4182d6c97542d50fb8f704d10e9821</Content>
                </IndicatorItem>
            </Indicator> 
            <Indicator operator="OR" id="92868c44-45ab-446a-9b49-4cf744460e11">
                <IndicatorItem id="ec29f5ef-0a73-425b-b7bd-9ba53e64bab3" condition="contains" preserve-case="false" negate="false">
                    <Context document="FileItem" search="FileItem/FileName" type="mir"/>
                    <Content type="string">selinux4_exploit</Content>
                </IndicatorItem>
                <IndicatorItem id="fd8e6eea-11bb-4d02-9e03-1c98d9a01c7a" condition="contains" preserve-case="false" negate="false">
                    <Context document="FileItem" search="FileItem/Md5sum" type="mir"/>
                    <Content type="md5">58a6a396d26dda38dbbc2377a04c7de6</Content>
                </IndicatorItem>
                <IndicatorItem id="10958243-f527-4fe2-bc84-a6ba710c9a49" condition="contains" preserve-case="false" negate="false">
                    <Context document="FileItem" search="FileItem/Sha256sum" type="mir"/>
                    <Content type="sha256">432390aa649448c6f91a0921a3fdce56d50e29a3fd95e068d3166b9533c26e83</Content>
                </IndicatorItem>
                <IndicatorItem id="587e1634-23db-4a0e-b710-f3c0a1808182" condition="contains" preserve-case="false" negate="false">
                    <Context document="FileItem" search="FileItem/Sha1sum" type="mir"/>
                    <Content type="sha1">e30ae7e3096d63611ebfbdda5ba122d0b48b3fac</Content>
                </IndicatorItem>
            </Indicator> 
            <Indicator operator="OR" id="dfaf9955-e6bf-4d02-a13d-90a874a8a526">
                <IndicatorItem id="a39a3e1d-ab9b-4f45-8f71-11478dc293cf" condition="contains" preserve-case="false" negate="false">
                    <Context document="FileItem" search="FileItem/FileName" type="mir"/>
                    <Content type="string">selinux4_exploit</Content>
                </IndicatorItem>
                <IndicatorItem id="ef6073ce-b662-4768-a4dd-b9d3b861dabc" condition="contains" preserve-case="false" negate="false">
                    <Context document="FileItem" search="FileItem/Md5sum" type="mir"/>
                    <Content type="md5">76117f5d52465d448200a4b447273511</Content>
                </IndicatorItem>
                <IndicatorItem id="d39cf74b-7b34-4925-9420-99becf9ed245" condition="contains" preserve-case="false" negate="false">
                    <Context document="FileItem" search="FileItem/Sha256sum" type="mir"/>
                    <Content type="sha256">bd92bd94e2a8ada950da4435dff7f9a4abc7c010c2506350531738df9951287e</Content>
                </IndicatorItem>
                <IndicatorItem id="a97cd1f6-59a7-417c-a651-067f6720c079" condition="contains" preserve-case="false" negate="false">
                    <Context document="FileItem" search="FileItem/Sha1sum" type="mir"/>
                    <Content type="sha1">b6ad2cf1ade47aef42ff9ce12c95f0c09bb17cc4</Content>
                </IndicatorItem>
            </Indicator> 
            <Indicator operator="OR" id="2f6a8562-ae4e-47ed-aa01-0cd7275e49c5">
                <IndicatorItem id="aacf1ffe-9071-4e4d-be2b-a819ba85fd15" condition="contains" preserve-case="false" negate="false">
                    <Context document="FileItem" search="FileItem/FileName" type="mir"/>
                    <Content type="string">selinux_check</Content>
                </IndicatorItem>
                <IndicatorItem id="1072b954-6a2b-43d6-b172-0d31e9f1e0d0" condition="contains" preserve-case="false" negate="false">
                    <Context document="FileItem" search="FileItem/Md5sum" type="mir"/>
                    <Content type="md5">b398883d5202454e59dac66e97483d1e</Content>
                </IndicatorItem>
                <IndicatorItem id="211070db-1f66-4c23-a648-cf8ca5d5bc2a" condition="contains" preserve-case="false" negate="false">
                    <Context document="FileItem" search="FileItem/Sha256sum" type="mir"/>
                    <Content type="sha256">7e53bdb5aeb993a61cf5361143d479cac76c4ccde2f30031fff3d7206bda77c2</Content>
                </IndicatorItem>
                <IndicatorItem id="41c2ba3f-3565-44d7-b56d-f7aa14b69da5" condition="contains" preserve-case="false" negate="false">
                    <Context document="FileItem" search="FileItem/Sha1sum" type="mir"/>
                    <Content type="sha1">c4f48a5ee167d242368af0cb8b734b2d44c83760</Content>
                </IndicatorItem>
            </Indicator> 
            <Indicator operator="OR" id="a9799f0e-b094-44ad-9b0b-031906360bf4">
                <IndicatorItem id="14eb573d-e1a4-454f-a510-b25421fbdf1a" condition="contains" preserve-case="false" negate="false">
                    <Context document="FileItem" search="FileItem/FileName" type="mir"/>
                    <Content type="string">selinux_check</Content>
                </IndicatorItem>
                <IndicatorItem id="bc48df29-47e9-4989-bbbc-583dbe6106cc" condition="contains" preserve-case="false" negate="false">
                    <Context document="FileItem" search="FileItem/Md5sum" type="mir"/>
                    <Content type="md5">0ee1184f955d3bad6d25083add9a553c</Content>
                </IndicatorItem>
                <IndicatorItem id="533aa2af-5656-452f-af81-c733040a891e" condition="contains" preserve-case="false" negate="false">
                    <Context document="FileItem" search="FileItem/Sha256sum" type="mir"/>
                    <Content type="sha256">685b100b20c59e275fbbc559bc51495014278754fcdddfe02e3c3a2bd42bc633</Content>
                </IndicatorItem>
                <IndicatorItem id="a332668d-d9aa-471f-b2d5-1ade9aba0922" condition="contains" preserve-case="false" negate="false">
                    <Context document="FileItem" search="FileItem/Sha1sum" type="mir"/>
                    <Content type="sha1">eb31f2ab55038cdf904e0c332c93ad0faa813984</Content>
                </IndicatorItem>
            </Indicator> 
            <Indicator operator="OR" id="f1aa31a9-8739-4792-af08-cc233c972830">
                <IndicatorItem id="35100087-ac84-4528-9679-4b42b5949dd7" condition="contains" preserve-case="false" negate="false">
                    <Context document="FileItem" search="FileItem/FileName" type="mir"/>
                    <Content type="string">selinux_check</Content>
                </IndicatorItem>
                <IndicatorItem id="77351cb9-7487-4eba-86e3-4ba32634b833" condition="contains" preserve-case="false" negate="false">
                    <Context document="FileItem" search="FileItem/Md5sum" type="mir"/>
                    <Content type="md5">c3a49adf118490f44b3a377bea2bbc18</Content>
                </IndicatorItem>
                <IndicatorItem id="4df6f9bb-2da9-4963-99e1-d708c7624636" condition="contains" preserve-case="false" negate="false">
                    <Context document="FileItem" search="FileItem/Sha256sum" type="mir"/>
                    <Content type="sha256">4a908d8ddf8ebe028a8214c08fd25dbac609c9a7ded8543f6b6bd03fe576f518</Content>
                </IndicatorItem>
                <IndicatorItem id="015edb6c-c4d3-411e-a634-facf5a3779de" condition="contains" preserve-case="false" negate="false">
                    <Context document="FileItem" search="FileItem/Sha1sum" type="mir"/>
                    <Content type="sha1">acb18ef5ac4778434deb171bdac91634c4982c18</Content>
                </IndicatorItem>
            </Indicator> 
            <Indicator operator="OR" id="dd7518e6-3984-49f2-8991-677ddbebd67f">
                <IndicatorItem id="23e8f16a-5344-4d45-8543-a99bca0868b5" condition="contains" preserve-case="false" negate="false">
                    <Context document="FileItem" search="FileItem/FileName" type="mir"/>
                    <Content type="string">selinux_check</Content>
                </IndicatorItem>
                <IndicatorItem id="6e25d276-ea6b-490c-95b3-7557df1b2cbc" condition="contains" preserve-case="false" negate="false">
                    <Context document="FileItem" search="FileItem/Md5sum" type="mir"/>
                    <Content type="md5">f7f82c6cb325a01fa2f1dc8be3a1718c</Content>
                </IndicatorItem>
                <IndicatorItem id="fc3675a2-3505-496a-b8f9-696d0eae89de" condition="contains" preserve-case="false" negate="false">
                    <Context document="FileItem" search="FileItem/Sha256sum" type="mir"/>
                    <Content type="sha256">9ad9519d7591b9a4ac1eac809c43becbc88db098d5df785db8a143430f9f5362</Content>
                </IndicatorItem>
                <IndicatorItem id="e0688329-cf98-4926-bd69-9956094ebf72" condition="contains" preserve-case="false" negate="false">
                    <Context document="FileItem" search="FileItem/Sha1sum" type="mir"/>
                    <Content type="sha1">fb020fc39003096e3a2c1a29953649e5119e10fd</Content>
                </IndicatorItem>
            </Indicator> 
            <Indicator operator="OR" id="1cab87c1-0757-4fb8-bde3-54bef30125cf">
                <IndicatorItem id="1c42eb55-5d10-4e91-87be-ab2afe14d5cb" condition="contains" preserve-case="false" negate="false">
                    <Context document="FileItem" search="FileItem/FileName" type="mir"/>
                    <Content type="string">selinux_check</Content>
                </IndicatorItem>
                <IndicatorItem id="04e17e3f-8c12-486b-a76b-e8cccfd5a094" condition="contains" preserve-case="false" negate="false">
                    <Context document="FileItem" search="FileItem/Md5sum" type="mir"/>
                    <Content type="md5">80bc30749dfded46559f4c5587f04e63</Content>
                </IndicatorItem>
                <IndicatorItem id="a7766044-3880-419a-abeb-18619e4a6705" condition="contains" preserve-case="false" negate="false">
                    <Context document="FileItem" search="FileItem/Sha256sum" type="mir"/>
                    <Content type="sha256">2c3aa8359d1af7c2ff5d4c1ed5bffb6f707ee65006fcd2df354a7496b35bbc6a</Content>
                </IndicatorItem>
                <IndicatorItem id="e7d08a59-287f-47b6-91b0-f62361cfb6e5" condition="contains" preserve-case="false" negate="false">
                    <Context document="FileItem" search="FileItem/Sha1sum" type="mir"/>
                    <Content type="sha1">1c123c8d6a25667dbd09eaa3a34532c1de1eef4a</Content>
                </IndicatorItem>
            </Indicator> 
            <Indicator operator="OR" id="59820b4d-9e3b-4a6a-a117-6b59d9aad7d3">
                <IndicatorItem id="f5c5bad9-8f16-4404-8664-237cdc717477" condition="contains" preserve-case="false" negate="false">
                    <Context document="FileItem" search="FileItem/FileName" type="mir"/>
                    <Content type="string">selinux_exploit</Content>
                </IndicatorItem>
                <IndicatorItem id="e7056d09-eca9-4329-ba1e-e23048078060" condition="contains" preserve-case="false" negate="false">
                    <Context document="FileItem" search="FileItem/Md5sum" type="mir"/>
                    <Content type="md5">587a6f3bbbe1fec85c514db6ce51991b</Content>
                </IndicatorItem>
                <IndicatorItem id="a045ce37-924f-4748-b7eb-c4fbec623d52" condition="contains" preserve-case="false" negate="false">
                    <Context document="FileItem" search="FileItem/Sha256sum" type="mir"/>
                    <Content type="sha256">ccdf1fb0dcba91cfcea5ef907025674fe965580c8dd10495d6aaa9c9829cc1d1</Content>
                </IndicatorItem>
                <IndicatorItem id="ae6b9014-649a-4a4e-ba0a-518d03e6b59a" condition="contains" preserve-case="false" negate="false">
                    <Context document="FileItem" search="FileItem/Sha1sum" type="mir"/>
                    <Content type="sha1">5fec8341f8ddca3dce27fb6826c398dc4ac920fb</Content>
                </IndicatorItem>
            </Indicator> 
            <Indicator operator="OR" id="cdaaad89-862b-4c63-8cec-b57a9c9bac89">
                <IndicatorItem id="2659cfff-c26e-46fd-91cf-0d90998eacca" condition="contains" preserve-case="false" negate="false">
                    <Context document="FileItem" search="FileItem/FileName" type="mir"/>
                    <Content type="string">selinux_exploit</Content>
                </IndicatorItem>
                <IndicatorItem id="9de8c6a2-70bf-4798-ac4b-3952d7a33c10" condition="contains" preserve-case="false" negate="false">
                    <Context document="FileItem" search="FileItem/Md5sum" type="mir"/>
                    <Content type="md5">4e96db5411ad69e88b89ee9ea214376f</Content>
                </IndicatorItem>
                <IndicatorItem id="3b6a6a34-b1b0-406f-add0-5e787eda9493" condition="contains" preserve-case="false" negate="false">
                    <Context document="FileItem" search="FileItem/Sha256sum" type="mir"/>
                    <Content type="sha256">98cf937ac44843a3bc37130da20425ce7dcb5563d0af2a7d34a87f3cce478175</Content>
                </IndicatorItem>
                <IndicatorItem id="cebed6bb-fca4-423f-811f-e0a199c9fe7a" condition="contains" preserve-case="false" negate="false">
                    <Context document="FileItem" search="FileItem/Sha1sum" type="mir"/>
                    <Content type="sha1">96c203089ee0f8d80ec2b5d4a1984f778bd4c59f</Content>
                </IndicatorItem>
            </Indicator> 
            <Indicator operator="OR" id="7cd991e5-82ce-40b1-9d94-f1e9af60b015">
                <IndicatorItem id="134e17f8-32b4-42cc-b7f3-037662073f9d" condition="contains" preserve-case="false" negate="false">
                    <Context document="FileItem" search="FileItem/FileName" type="mir"/>
                    <Content type="string">selinux_exploit</Content>
                </IndicatorItem>
                <IndicatorItem id="fd6e4a35-e027-486f-b9d7-fe6cec227a52" condition="contains" preserve-case="false" negate="false">
                    <Context document="FileItem" search="FileItem/Md5sum" type="mir"/>
                    <Content type="md5">4c5c3932fcfc2d2c4476d35ade765acc</Content>
                </IndicatorItem>
                <IndicatorItem id="455afcc9-958b-4194-b0e6-6cf5fa73a3a1" condition="contains" preserve-case="false" negate="false">
                    <Context document="FileItem" search="FileItem/Sha256sum" type="mir"/>
                    <Content type="sha256">d7c9dac1541a534e55a04256e0310fe0229dbdc0253d6afc4fc13589220edd62</Content>
                </IndicatorItem>
                <IndicatorItem id="e7ef3e6f-abec-45af-928c-8e9ea04c1a84" condition="contains" preserve-case="false" negate="false">
                    <Context document="FileItem" search="FileItem/Sha1sum" type="mir"/>
                    <Content type="sha1">16c77199d1f49af41147ab5283f61a6d698dda37</Content>
                </IndicatorItem>
            </Indicator> 
            <Indicator operator="OR" id="1d7b29c3-bbd4-4ac6-b3f5-0881ff30e079">
                <IndicatorItem id="f2e4a819-ae88-4479-bb1c-275877dedd34" condition="contains" preserve-case="false" negate="false">
                    <Context document="FileItem" search="FileItem/FileName" type="mir"/>
                    <Content type="string">selinux_exploit</Content>
                </IndicatorItem>
                <IndicatorItem id="7df51fd0-0ed2-4c5d-b93b-e545bc11cdaa" condition="contains" preserve-case="false" negate="false">
                    <Context document="FileItem" search="FileItem/Md5sum" type="mir"/>
                    <Content type="md5">7be3fa705acbd74a95ac9b20ced9a22b</Content>
                </IndicatorItem>
                <IndicatorItem id="86df6183-2a6b-49ab-9a61-8c17c99537b6" condition="contains" preserve-case="false" negate="false">
                    <Context document="FileItem" search="FileItem/Sha256sum" type="mir"/>
                    <Content type="sha256">beff505e53144a261411d18ed574a9c226c2bdd25a0b07bcdba742402ef2f333</Content>
                </IndicatorItem>
                <IndicatorItem id="bb2e7ecd-d4c8-4212-979a-07dd8fb10223" condition="contains" preserve-case="false" negate="false">
                    <Context document="FileItem" search="FileItem/Sha1sum" type="mir"/>
                    <Content type="sha1">5273f2937aa1b88ad65c010dc8e5d5341a85d16f</Content>
                </IndicatorItem>
            </Indicator> 
            <Indicator operator="OR" id="6c15a330-7a06-4332-bdac-b1829ab3f6a1">
                <IndicatorItem id="d9617169-3271-4615-8001-d3e45e927bf3" condition="contains" preserve-case="false" negate="false">
                    <Context document="FileItem" search="FileItem/FileName" type="mir"/>
                    <Content type="string">selinux_exploit</Content>
                </IndicatorItem>
                <IndicatorItem id="c6058bdf-ea16-441a-b896-11a67db10896" condition="contains" preserve-case="false" negate="false">
                    <Context document="FileItem" search="FileItem/Md5sum" type="mir"/>
                    <Content type="md5">b7cb3d3b02d1d3ede8b27d1f94eaa29c</Content>
                </IndicatorItem>
                <IndicatorItem id="8766a013-e592-4c3f-aa26-c78b646c242c" condition="contains" preserve-case="false" negate="false">
                    <Context document="FileItem" search="FileItem/Sha256sum" type="mir"/>
                    <Content type="sha256">26e9816116de8b26ba0b1aa12fe4177dd1196ccdb9c93cbcd1b0593ce3f81e79</Content>
                </IndicatorItem>
                <IndicatorItem id="dfca1350-c61c-4226-8a9d-702d76fac005" condition="contains" preserve-case="false" negate="false">
                    <Context document="FileItem" search="FileItem/Sha1sum" type="mir"/>
                    <Content type="sha1">f9a7ef83a235bd6c233450eb0351192d4f281b7c</Content>
                </IndicatorItem>
            </Indicator> 
            <Indicator operator="OR" id="e0a7fdd7-158f-4467-8688-32a59bfbaf61">
                <IndicatorItem id="65dfb7f4-5624-4cba-ae75-a2f415a0a3d4" condition="contains" preserve-case="false" negate="false">
                    <Context document="FileItem" search="FileItem/FileName" type="mir"/>
                    <Content type="string">selinux_exploit</Content>
                </IndicatorItem>
                <IndicatorItem id="d33e4297-69a5-4ddf-90bd-7ca16ca8e228" condition="contains" preserve-case="false" negate="false">
                    <Context document="FileItem" search="FileItem/Md5sum" type="mir"/>
                    <Content type="md5">a601f648d79c0d0eb53f8eef75dc7958</Content>
                </IndicatorItem>
                <IndicatorItem id="139cff72-a304-4189-b16a-9c123be86d17" condition="contains" preserve-case="false" negate="false">
                    <Context document="FileItem" search="FileItem/Sha256sum" type="mir"/>
                    <Content type="sha256">d6ab38fa7f41cda2bf10da8ba418ef49b0a3e534e8ca83a75aa23be0a81df167</Content>
                </IndicatorItem>
                <IndicatorItem id="47eafc10-48a5-4aa4-a0c1-c88dba97a406" condition="contains" preserve-case="false" negate="false">
                    <Context document="FileItem" search="FileItem/Sha1sum" type="mir"/>
                    <Content type="sha1">c48bfa2b6b14619cab9773ec5e6900cf3e890274</Content>
                </IndicatorItem>
            </Indicator> 
            <Indicator operator="OR" id="7c6495a0-debc-4a54-8725-78257ea98d53">
                <IndicatorItem id="0cf30b7a-8193-4e5d-aec1-d70dadf058ca" condition="contains" preserve-case="false" negate="false">
                    <Context document="FileItem" search="FileItem/FileName" type="mir"/>
                    <Content type="string">selinux_exploit</Content>
                </IndicatorItem>
                <IndicatorItem id="bba7e8b3-1669-4edf-8f3c-b60c58e891e4" condition="contains" preserve-case="false" negate="false">
                    <Context document="FileItem" search="FileItem/Md5sum" type="mir"/>
                    <Content type="md5">7604d61a6d84826b3d7401040fa3e2f6</Content>
                </IndicatorItem>
                <IndicatorItem id="b145fdf9-762f-4b06-88e5-5ecce45cc22f" condition="contains" preserve-case="false" negate="false">
                    <Context document="FileItem" search="FileItem/Sha256sum" type="mir"/>
                    <Content type="sha256">dccfe5c8e66f729783e39f6c2aa87e27a9c18d0aae94379a1cb97ae1933b66bb</Content>
                </IndicatorItem>
                <IndicatorItem id="e6666d56-8c6b-436d-8737-24e6f994fa38" condition="contains" preserve-case="false" negate="false">
                    <Context document="FileItem" search="FileItem/Sha1sum" type="mir"/>
                    <Content type="sha1">672cff254ee7f789b8b6f73741a1b79023fb9d7b</Content>
                </IndicatorItem>
            </Indicator> 
            <Indicator operator="OR" id="d23816b7-2ad6-4429-a41f-406709f8e6a8">
                <IndicatorItem id="bd650fe4-3404-4145-84d8-b94fad2d1fb4" condition="contains" preserve-case="false" negate="false">
                    <Context document="FileItem" search="FileItem/FileName" type="mir"/>
                    <Content type="string">selinux_suidext</Content>
                </IndicatorItem>
                <IndicatorItem id="2e872a14-48e3-49c9-8f4b-72b9abab7d06" condition="contains" preserve-case="false" negate="false">
                    <Context document="FileItem" search="FileItem/Md5sum" type="mir"/>
                    <Content type="md5">de147eb7099771276b56eee3ff263a92</Content>
                </IndicatorItem>
                <IndicatorItem id="bd512716-6624-4a6b-9a98-95566c2d0bda" condition="contains" preserve-case="false" negate="false">
                    <Context document="FileItem" search="FileItem/Sha256sum" type="mir"/>
                    <Content type="sha256">6b151f19d8b7add5a48b1fbe6142b89b52cd780ac5b0009746985c950f44920d</Content>
                </IndicatorItem>
                <IndicatorItem id="25a0b0b1-6fc3-4634-8b39-8c8de9ee2b7b" condition="contains" preserve-case="false" negate="false">
                    <Context document="FileItem" search="FileItem/Sha1sum" type="mir"/>
                    <Content type="sha1">8c61d168d2a1f8b2e5580f38756dd2d255b9abd8</Content>
                </IndicatorItem>
            </Indicator> 
            <Indicator operator="OR" id="2766235f-26e7-40eb-81dd-a458d33bda5a">
                <IndicatorItem id="b8b6626b-da2c-406b-ab9b-0af84dbebbfd" condition="contains" preserve-case="false" negate="false">
                    <Context document="FileItem" search="FileItem/FileName" type="mir"/>
                    <Content type="string">selinux_suidext</Content>
                </IndicatorItem>
                <IndicatorItem id="3fd1e4aa-eede-41b9-8a07-5b7482d5e434" condition="contains" preserve-case="false" negate="false">
                    <Context document="FileItem" search="FileItem/Md5sum" type="mir"/>
                    <Content type="md5">3fef9982534b45a9d1fcd241b58cb6b4</Content>
                </IndicatorItem>
                <IndicatorItem id="feb0da43-8ee8-4f53-a08e-abaa29d1ad71" condition="contains" preserve-case="false" negate="false">
                    <Context document="FileItem" search="FileItem/Sha256sum" type="mir"/>
                    <Content type="sha256">391bc486ad12d73ff3dab94c617638539226c7f5f68f38bdd71110bca12b79ad</Content>
                </IndicatorItem>
                <IndicatorItem id="bf0dc078-878a-493c-b848-682ff6db1735" condition="contains" preserve-case="false" negate="false">
                    <Context document="FileItem" search="FileItem/Sha1sum" type="mir"/>
                    <Content type="sha1">d7708e1834d4fdf6dcce494e8ed5ee29b687ad63</Content>
                </IndicatorItem>
            </Indicator> 
            <Indicator operator="OR" id="fd5029ac-49fc-4a25-9b77-4b0769e533a1">
                <IndicatorItem id="d462291b-8b5d-42d2-b5e8-123a47eebe6d" condition="contains" preserve-case="false" negate="false">
                    <Context document="FileItem" search="FileItem/FileName" type="mir"/>
                    <Content type="string">selinux_suidext</Content>
                </IndicatorItem>
                <IndicatorItem id="d72867cf-9306-46c6-a5b8-6c5abb080677" condition="contains" preserve-case="false" negate="false">
                    <Context document="FileItem" search="FileItem/Md5sum" type="mir"/>
                    <Content type="md5">22c6a690f018f5b469fb607d62ccb08f</Content>
                </IndicatorItem>
                <IndicatorItem id="98add8c5-9845-4c3f-859d-b4f1ffc89115" condition="contains" preserve-case="false" negate="false">
                    <Context document="FileItem" search="FileItem/Sha256sum" type="mir"/>
                    <Content type="sha256">03f98deb24b3602e660c617927a991b02cf3186eef45b122b7ce183300003e22</Content>
                </IndicatorItem>
                <IndicatorItem id="9fa6ce5e-072e-47ef-9a9a-f7cab4a76a9b" condition="contains" preserve-case="false" negate="false">
                    <Context document="FileItem" search="FileItem/Sha1sum" type="mir"/>
                    <Content type="sha1">ce35c7d457babe2e8c5fc8b54cd2e72ae8256132</Content>
                </IndicatorItem>
            </Indicator> 
            <Indicator operator="OR" id="7e7efb1f-96fb-4f11-a576-ea82afe6ec4c">
                <IndicatorItem id="070cc8f0-1887-4ac3-987d-09658f1eedda" condition="contains" preserve-case="false" negate="false">
                    <Context document="FileItem" search="FileItem/FileName" type="mir"/>
                    <Content type="string">selinux_suidext</Content>
                </IndicatorItem>
                <IndicatorItem id="42300559-ac40-4622-adee-69802a95e428" condition="contains" preserve-case="false" negate="false">
                    <Context document="FileItem" search="FileItem/Md5sum" type="mir"/>
                    <Content type="md5">ff6027eb49bc01bce9a3d1cd2e4d03fe</Content>
                </IndicatorItem>
                <IndicatorItem id="b6ac681d-d744-42c7-b847-217899318c03" condition="contains" preserve-case="false" negate="false">
                    <Context document="FileItem" search="FileItem/Sha256sum" type="mir"/>
                    <Content type="sha256">064284a97ed6e09e7de161aedec9103a9f88443bc666bf710f642269521ac957</Content>
                </IndicatorItem>
                <IndicatorItem id="35a4d0b2-33c8-414d-ade1-186de10b1be9" condition="contains" preserve-case="false" negate="false">
                    <Context document="FileItem" search="FileItem/Sha1sum" type="mir"/>
                    <Content type="sha1">374eb74b92e8804e9e053781a9b52ee748c2f8fd</Content>
                </IndicatorItem>
            </Indicator> 
            <Indicator operator="OR" id="d13f3944-4afd-4c59-860c-2f24745e8919">
                <IndicatorItem id="ffd4bde2-33ab-467f-9dd7-a5f14830fe1e" condition="contains" preserve-case="false" negate="false">
                    <Context document="FileItem" search="FileItem/FileName" type="mir"/>
                    <Content type="string">selinux_suidext</Content>
                </IndicatorItem>
                <IndicatorItem id="a037ff86-4c59-4788-872c-512e5c6f644f" condition="contains" preserve-case="false" negate="false">
                    <Context document="FileItem" search="FileItem/Md5sum" type="mir"/>
                    <Content type="md5">a597293f4662883c2ba9554628eea938</Content>
                </IndicatorItem>
                <IndicatorItem id="e56bf4be-450a-4157-b8a4-9c303bb83bf3" condition="contains" preserve-case="false" negate="false">
                    <Context document="FileItem" search="FileItem/Sha256sum" type="mir"/>
                    <Content type="sha256">f08bdf8a16434d254e8137134a98253af192224e29e6ec99ba66d0c88408a7d5</Content>
                </IndicatorItem>
                <IndicatorItem id="9f7c8275-ac50-4788-94d5-4a7efb0f1938" condition="contains" preserve-case="false" negate="false">
                    <Context document="FileItem" search="FileItem/Sha1sum" type="mir"/>
                    <Content type="sha1">5bcc19befcd9740935214fefb46413956a4b63c9</Content>
                </IndicatorItem>
            </Indicator> 
            <Indicator operator="OR" id="2ddc0c46-6b36-4ae3-8264-2471e1c2a855">
                <IndicatorItem id="d1d3905b-87e7-43fb-aeb9-a83670d3b411" condition="contains" preserve-case="false" negate="false">
                    <Context document="FileItem" search="FileItem/FileName" type="mir"/>
                    <Content type="string">selinux_suidext_log</Content>
                </IndicatorItem>
                <IndicatorItem id="d4dff346-b7e5-46fc-a0d3-264b49de445e" condition="contains" preserve-case="false" negate="false">
                    <Context document="FileItem" search="FileItem/Md5sum" type="mir"/>
                    <Content type="md5">2f091caa60100397cf8566c567a2122f</Content>
                </IndicatorItem>
                <IndicatorItem id="b3e08881-73dd-42aa-a07c-4c73014f87ec" condition="contains" preserve-case="false" negate="false">
                    <Context document="FileItem" search="FileItem/Sha256sum" type="mir"/>
                    <Content type="sha256">7270f53ad27695f77ed685914d9bcb52e81fd159705f3d0c539570d4d6026159</Content>
                </IndicatorItem>
                <IndicatorItem id="13f19e9c-7bff-4961-a282-2bacf85abcb3" condition="contains" preserve-case="false" negate="false">
                    <Context document="FileItem" search="FileItem/Sha1sum" type="mir"/>
                    <Content type="sha1">af17924a9f077e1573fac3779b552ed3988b7801</Content>
                </IndicatorItem>
            </Indicator> 
            <Indicator operator="OR" id="23638722-5fe8-4caa-9acf-306f056b0a47">
                <IndicatorItem id="55f61275-7885-4514-a71e-957c545802d0" condition="contains" preserve-case="false" negate="false">
                    <Context document="FileItem" search="FileItem/FileName" type="mir"/>
                    <Content type="string">suidext</Content>
                </IndicatorItem>
                <IndicatorItem id="4c81e101-0de3-427d-8869-0c508cc4849b" condition="contains" preserve-case="false" negate="false">
                    <Context document="FileItem" search="FileItem/Md5sum" type="mir"/>
                    <Content type="md5">ad411714a590618fd5a9d66d724a9945</Content>
                </IndicatorItem>
                <IndicatorItem id="1f51a6df-adb6-40b7-85e2-341c567dad2a" condition="contains" preserve-case="false" negate="false">
                    <Context document="FileItem" search="FileItem/Sha256sum" type="mir"/>
                    <Content type="sha256">c509fc170cb182b37462179079e16c76ff4b87a70d2f17ff60ba5b7f98eb8cd8</Content>
                </IndicatorItem>
                <IndicatorItem id="8130451a-1b57-410b-a577-e726545a791c" condition="contains" preserve-case="false" negate="false">
                    <Context document="FileItem" search="FileItem/Sha1sum" type="mir"/>
                    <Content type="sha1">4a53e960caeb2e708e8e5db6c5a00a369dc52b95</Content>
                </IndicatorItem>
            </Indicator> 
            <Indicator operator="OR" id="9c0c7b24-fdba-4fe5-9c56-5afb2329206a">
                <IndicatorItem id="652d0081-7bc5-44a1-9438-83e4b31256be" condition="contains" preserve-case="false" negate="false">
                    <Context document="FileItem" search="FileItem/FileName" type="mir"/>
                    <Content type="string">suidext</Content>
                </IndicatorItem>
                <IndicatorItem id="ff543a1b-cc33-4e07-90f4-aad4a877df2a" condition="contains" preserve-case="false" negate="false">
                    <Context document="FileItem" search="FileItem/Md5sum" type="mir"/>
                    <Content type="md5">729c72eb8ea7108812309430972e311c</Content>
                </IndicatorItem>
                <IndicatorItem id="674a75d8-86f2-40d9-a1a9-889625681220" condition="contains" preserve-case="false" negate="false">
                    <Context document="FileItem" search="FileItem/Sha256sum" type="mir"/>
                    <Content type="sha256">ba51d2d00cc0ef67d435b0c368dd3e0b3ed8c12839ba95d45b06c9df5e7668be</Content>
                </IndicatorItem>
                <IndicatorItem id="d3b3db04-c873-4fca-b756-d300d1bca2a5" condition="contains" preserve-case="false" negate="false">
                    <Context document="FileItem" search="FileItem/Sha1sum" type="mir"/>
                    <Content type="sha1">6d88583d5433e477118ee1df1d15a302c9981a4f</Content>
                </IndicatorItem>
            </Indicator> 
            <Indicator operator="OR" id="a871b1fe-d99d-4ece-b103-cfcf74d6653d">
                <IndicatorItem id="42a3b421-7121-4b1d-b0ea-1ac323a87e08" condition="contains" preserve-case="false" negate="false">
                    <Context document="FileItem" search="FileItem/FileName" type="mir"/>
                    <Content type="string">suidext</Content>
                </IndicatorItem>
                <IndicatorItem id="61b9a828-52ae-4689-90b6-2a76be90f76e" condition="contains" preserve-case="false" negate="false">
                    <Context document="FileItem" search="FileItem/Md5sum" type="mir"/>
                    <Content type="md5">2e36d5e431d1a960819262d86047821a</Content>
                </IndicatorItem>
                <IndicatorItem id="76f7952e-b8cc-4de9-98a8-7f939162bf2f" condition="contains" preserve-case="false" negate="false">
                    <Context document="FileItem" search="FileItem/Sha256sum" type="mir"/>
                    <Content type="sha256">dca5bb8ef6d240c8812ea154a21c26140ca7fe898d1e95fcbef5b9556bdb4be1</Content>
                </IndicatorItem>
                <IndicatorItem id="048584ae-d73e-49e0-a1ed-4488aed1dcdf" condition="contains" preserve-case="false" negate="false">
                    <Context document="FileItem" search="FileItem/Sha1sum" type="mir"/>
                    <Content type="sha1">45e64d5a2d355b874734401502c8afbca531fee4</Content>
                </IndicatorItem>
            </Indicator> 
            <Indicator operator="OR" id="56340bd8-42f1-4b1a-80da-da4e529fd6a0">
                <IndicatorItem id="525646bc-e4bf-409b-9171-470777fcd0c2" condition="contains" preserve-case="false" negate="false">
                    <Context document="FileItem" search="FileItem/FileName" type="mir"/>
                    <Content type="string">suidext</Content>
                </IndicatorItem>
                <IndicatorItem id="f74ea204-0abe-4aac-bc87-98e4d7c2196b" condition="contains" preserve-case="false" negate="false">
                    <Context document="FileItem" search="FileItem/Md5sum" type="mir"/>
                    <Content type="md5">afd0f63d9279d516b9c629b2d0b21ce0</Content>
                </IndicatorItem>
                <IndicatorItem id="69447fd2-4aa1-40f1-8d0b-5387019fe949" condition="contains" preserve-case="false" negate="false">
                    <Context document="FileItem" search="FileItem/Sha256sum" type="mir"/>
                    <Content type="sha256">77fc2dea8a36575376595a9093cb1ce122fab4c4a8e4cb16f5ef461a620d7eb1</Content>
                </IndicatorItem>
                <IndicatorItem id="ce326d98-77b2-48a2-ace6-c60fb6ca3d95" condition="contains" preserve-case="false" negate="false">
                    <Context document="FileItem" search="FileItem/Sha1sum" type="mir"/>
                    <Content type="sha1">1950ad39cc77c0ea29a9b50bb6f7aa3d3be63aab</Content>
                </IndicatorItem>
            </Indicator> 
            <Indicator operator="OR" id="7e25b906-143a-40ea-846f-e037915dbd23">
                <IndicatorItem id="8a6b2f8c-2420-4fe7-892a-d6624b12cb6a" condition="contains" preserve-case="false" negate="false">
                    <Context document="FileItem" search="FileItem/FileName" type="mir"/>
                    <Content type="string">suidext</Content>
                </IndicatorItem>
                <IndicatorItem id="aff4da89-93f7-46ad-b293-45944a0405f7" condition="contains" preserve-case="false" negate="false">
                    <Context document="FileItem" search="FileItem/Md5sum" type="mir"/>
                    <Content type="md5">aa9a2a98b8af878ff09a40bfa7193fd6</Content>
                </IndicatorItem>
                <IndicatorItem id="6ad7801f-adf7-4bdb-90d6-7f9b496d1092" condition="contains" preserve-case="false" negate="false">
                    <Context document="FileItem" search="FileItem/Sha256sum" type="mir"/>
                    <Content type="sha256">237f517ce1f43f68d280a8eae96e561b170c15e5f5c750dcfde344480cb2f99b</Content>
                </IndicatorItem>
                <IndicatorItem id="b6a71993-8f2d-4fda-8d4b-2ce163b16218" condition="contains" preserve-case="false" negate="false">
                    <Context document="FileItem" search="FileItem/Sha1sum" type="mir"/>
                    <Content type="sha1">6199e972d003162430bad73660786c24d1d39335</Content>
                </IndicatorItem>
            </Indicator> 
        </Indicator>
    </criteria>
    <parameters>
        <param ref-id="71ae5492-ebc1-4a89-a9f9-aa5759b1648f" id="5ca6dedf-8133-4719-91f6-ea6840617148" name="">
            <value type="data_list">'bbmdecoder','D','','585f1a54138692bad7d43a4807d5b86f7d179722','a3f4b24b9cad73e5e3977cc6dcb1637a','ceee22f4dc00e899d602ba6c93f9d40fe4bf22453031fab36b82029cbd8778c3'</value>
        </param>
        <param ref-id="f2c26019-02ca-426f-8e53-f1fb7e7046d5" id="fb1e9925-ca55-4f50-b8c4-2654ea483f88" name="">
            <value type="data_list">'daemonize','D','','75c1f98ed4258bc9ad8022759cb74536ed944147','2f301e7283746774ce78a987059dafb3','ea1b1f409b29a5ccd157703599f875854bb679d06c6080984c6c1fe45ea9a9b4'</value>
        </param>
        <param ref-id="36b1383a-0c05-46dc-b44a-abbe0b5e9339" id="d8103c18-f023-4cc9-b0a4-8aed252a5326" name="">
            <value type="data_list">'download','D','','df1ac2f7b357a9a0f01f45d301e7808f56a19b7c','87f3216f157bea9578ed5773f38b909b','36ddc07510825fc7bbd6ac9fcda6f50504cb5a18381a71603af9bec2ea2b032d'</value>
        </param>
        <param ref-id="5e762cc8-1cf9-4f81-9e39-3acf5fbe67c8" id="7b626371-5cc7-46de-ae34-b821b0727b29" name="">
            <value type="data_list">'ec','C','https://www.virustotal.com/en/file/5b78a123bc37317ab187737377a34cb4d2ce2f85fc4313b4e76fb7bd1f7e8fab/analysis/','00678cbb4d2abe5e1b927011dcfc26173f82a500','63da373e86d98b51440581c4b35b23ff','5b78a123bc37317ab187737377a34cb4d2ce2f85fc4313b4e76fb7bd1f7e8fab'</value>
        </param>
        <param ref-id="56a62b07-939b-4d04-a235-839447e1c500" id="f9991c79-c478-4645-8e3d-a57d8d4afe62" name="">
            <value type="data_list">'expl_check','D','','207a0f8f5e65d5d2c7a862eef65cd978029cb6cf','adf687fb7bb345d8fa445f022f817694','672318ef7c73936e562a95006e8b29f414f85741e92d937e7c62ef0017ed9e9a'</value>
        </param>
        <param ref-id="9f3ddb4e-da71-43c3-8f7f-2097e2d14acb" id="62e73023-f405-4e18-aaf1-b61887b8a7ee" name="">
            <value type="data_list">'expl_check','D','','b71050d0520c7088dfc9be1e7dfc9c24d2244339','f0d0b2bf1a311ee98486a7eff3228041','29028c75bea7874b881309287c94ac532de8df0549be9683cd72e421a6229573'</value>
        </param>
        <param ref-id="dc7572c5-2cb0-4ac5-ad51-ba60d0895a05" id="21ed4daf-906b-4a1c-a749-502be84291df" name="">
            <value type="data_list">'expl_check','C','https://www.virustotal.com/en/file/69f60a94b1014f1ef59c7d1cc0df925ef255734ac402e7d2525e73e1efd83905/analysis/','5ae013e771b54c3b74aff2fd6084962f6bb3c8c6','ccbb7f8675e427c16e3050312bb24f3e','69f60a94b1014f1ef59c7d1cc0df925ef255734ac402e7d2525e73e1efd83905'</value>
        </param>
        <param ref-id="a93bac02-14b8-471b-b381-e2995f16c11c" id="ca551914-d914-400c-ad5b-34d7672badbd" name="">
            <value type="data_list">'expl_check','D','','cd81922f30115f6cab75770aa4bb9834ad591035','c2259da51fb08dccea5247288ada90cd','bdd1369c4ce15a17bd35323630d08f169e2672b80bbf0a885deefaa27a8f3171'</value>
        </param>
        <param ref-id="f4317127-ad9d-4492-9588-048d41d59ad0" id="bd6f6b6a-fe54-4578-92f6-22244bc159c6" name="">
            <value type="data_list">'expl_check','C','https://www.virustotal.com/en/file/965c44e7f2598f606c6c965ecfcce722c4c77f6753feea62ac4d5674b6543dff/analysis/','4d4df4041225bea89ca57bc30b954094440c3240','fa286dcb5f9b823159fbb8ce8d25b1d6','965c44e7f2598f606c6c965ecfcce722c4c77f6753feea62ac4d5674b6543dff'</value>
        </param>
        <param ref-id="acdee6c1-c8e7-4b89-bc91-22611d37d58d" id="5e72114c-4689-4bef-bbe9-e4e91b8d9094" name="">
            <value type="data_list">'fourrunnerStatic_2.1.5767a','CD','https://www.virustotal.com/en/file/9fa8ab680164bf0e2311d25e7a16870276a86ce719e3474f9027d6101a289329/analysis/','6ca378b9283a8b0074bbc2200cea83f6381ef0f1','6d73b1ba651e57cdbff9d0bd57ff06c9','9fa8ab680164bf0e2311d25e7a16870276a86ce719e3474f9027d6101a289329'</value>
        </param>
        <param ref-id="a6048e3f-b056-4d2b-a273-258347b7777c" id="e29dd8b3-55c9-4db4-b79a-a3bc3ffb0d00" name="">
            <value type="data_list">'hijack','C','https://www.virustotal.com/en/file/ccba6024b2d7c2bf191a47dcde16067f5f7c29297da7f1fbcd6535e555f4ca79/analysis/','f9d0e922462dc42466af177593bcc4662c786392','31054ee51bc3de60e1b2df36f32ec504','ccba6024b2d7c2bf191a47dcde16067f5f7c29297da7f1fbcd6535e555f4ca79'</value>
        </param>
        <param ref-id="cb7048a0-3262-4e2b-b04a-6e1e2167cbe7" id="810b3778-ff87-40f5-a39f-d9eae8c051df" name="">
            <value type="data_list">'instroot','C','https://www.virustotal.com/en/file/10838fd5199ff78afd2bc7468e3f069b72a5230f181e790eddaa91a5b65fee2d/analysis/','5470a32024c45c90b267374784d302762087ff3d','00052856ca1cf0321275ad0d16858747','10838fd5199ff78afd2bc7468e3f069b72a5230f181e790eddaa91a5b65fee2d'</value>
        </param>
        <param ref-id="b7d8cbb3-ef03-4dab-86f4-c6c9a9de73ef" id="83d9ca85-a7a0-4556-b54b-5ed46d38dd3f" name="">
            <value type="data_list">'local_exploit','A','https://www.virustotal.com/en/file/e8d00b0f9194b4a0d8ea43bf994c4df6b41a87e78f5fa7531c60e4ab1ce2b74d/analysis/','fc89ecc6f1a8ae31e31f3c8f32f1d0d961b24423','5fe6408b388df1c6ceb24bb540dbae73','e8d00b0f9194b4a0d8ea43bf994c4df6b41a87e78f5fa7531c60e4ab1ce2b74d'</value>
        </param>
        <param ref-id="98e076a8-3335-4cba-8211-8b9e43b9d9fe" id="41e2d229-efe5-4ee2-b965-4bc624eef14d" name="">
            <value type="data_list">'local_exploit','D','','848f70ed83ba63f11a2b34a46d35a3c0c13011a6','087510b5d218d07eb0ce11f1721a21d1','b4936b372f772de7faf2e0e2d8861df63ce7e24002eab3d7953820127be48cfd'</value>
        </param>
        <param ref-id="56a1b21a-3cb0-41b9-843b-22c9ab1ad59d" id="9559d45b-1878-4450-8159-163f1a4043d6" name="">
            <value type="data_list">'local_exploit','D','','cf9adf31dcadb1ce12f635affd3b8a9178b222c1','0daac498e33d8d2dca8241415b7df24f','595c3a71f7ca4a7e345823e23b5525c92bc58d1765d1acf7eb28253b677d4eb7'</value>
        </param>
        <param ref-id="3de4ac51-32f8-4d64-8cb3-85f0301ae0e3" id="6351ab41-1d74-4247-a83b-e5c45af6ac68" name="">
            <value type="data_list">'local_exploit','C','https://www.virustotal.com/en/file/72a699181c868f7dc4a6bb6c59f5cf96ee0295c3292d2dcacfd6d0f3cd0472dc/analysis/','84ae6343388395629cb74b4d81abeedd8fe35115','ea2057ecbea462e861d5570dc476a65f','72a699181c868f7dc4a6bb6c59f5cf96ee0295c3292d2dcacfd6d0f3cd0472dc'</value>
        </param>
        <param ref-id="28bc9615-7d00-454a-9a17-c7d99a9c2cc5" id="c8dc7dc0-43ce-4f2a-8b9d-2fad49613364" name="">
            <value type="data_list">'local_exploit','C','https://www.virustotal.com/en/file/f3e2fd54aa573051bcd36d4cc9e05ba11223d408f90b7fe00b31fa7103b04ae6/analysis/','ab73367fcc97d64b5eeefbb9b75201a4f6b9fd3e','8c02e08f7884c5adfa066f09c301bc6d','f3e2fd54aa573051bcd36d4cc9e05ba11223d408f90b7fe00b31fa7103b04ae6'</value>
        </param>
        <param ref-id="75ee9f0e-01b2-4a2c-b657-1fcd49cffef3" id="7886fcac-5645-490c-8af8-f42a39f762a9" name="">
            <value type="data_list">'nandreadStatic_2.1.5767a','CD','https://www.virustotal.com/en/file/c38b1a8b3d2ecdb75ef34987f7c35082df3d319538e56fb74b0a0702b81555aa/analysis/','88d0e537d55128346aaab47c90c631eabd18e53c','2f0a665a8b90e570dcc8db5789178230','c38b1a8b3d2ecdb75ef34987f7c35082df3d319538e56fb74b0a0702b81555aa'</value>
        </param>
        <param ref-id="96005fc4-72b5-4c54-a985-23ad71a4f1ca" id="56439151-82b5-4ece-a6d1-556337606f1c" name="">
            <value type="data_list">'selinux4_check','C','https://www.virustotal.com/en/file/9b50885ceb5624597d130a5f66fbcd6295aacb127509a91c8e9b62304fe60668/analysis/','b466fb81bab99ea855b46d877b48ce1e64a2cc56','4114895ed89aa58492c399804896a3b2','9b50885ceb5624597d130a5f66fbcd6295aacb127509a91c8e9b62304fe60668'</value>
        </param>
        <param ref-id="ac91fa1a-503a-4d1f-9a49-25ab4b0a34e7" id="61d93449-55dd-4856-89e9-d3fecaf6e83c" name="">
            <value type="data_list">'selinux4_check','D','','f00a3510b09cb45eed2986fd52859879e4676d8e','cf9d0c60afdeb60673f55da2e6271792','61c508a04dce3286fdb86720d4c0b7a1a94e4a330279bb8c507080451715d0e9'</value>
        </param>
        <param ref-id="d98993b9-2530-4e2e-8bdc-91d7e3745a08" id="06922685-acbe-473f-86d1-3ff01edd480e" name="">
            <value type="data_list">'selinux4_check','D','','aa1b9d22d7427a2193b5d1b6c7c554ea1be79ef5','81eea0c3e6db88781736bf06d4e3112b','ac1df4b2e63101652c21b6a66728564600f97467b365b3bf1f594aee904948e7'</value>
        </param>
        <param ref-id="14f96294-8043-4068-8913-09235ea7fa0c" id="f7af0664-6951-4167-b659-33bdd9b369b4" name="">
            <value type="data_list">'selinux4_exploit','A','https://www.virustotal.com/en/file/1bad86d89f5083a5fed48dcff10942e6e7603ebb0c3979083c6bc3e81d9018a0/analysis/','c8fe12a01f4182d6c97542d50fb8f704d10e9821','f9afe8605132d58f457ad61c4fbb1100','1bad86d89f5083a5fed48dcff10942e6e7603ebb0c3979083c6bc3e81d9018a0'</value>
        </param>
        <param ref-id="fd8e6eea-11bb-4d02-9e03-1c98d9a01c7a" id="798c974a-54ef-4d95-ad30-81fee2c5d338" name="">
            <value type="data_list">'selinux4_exploit','A','https://www.virustotal.com/en/file/432390aa649448c6f91a0921a3fdce56d50e29a3fd95e068d3166b9533c26e83/analysis/','e30ae7e3096d63611ebfbdda5ba122d0b48b3fac','58a6a396d26dda38dbbc2377a04c7de6','432390aa649448c6f91a0921a3fdce56d50e29a3fd95e068d3166b9533c26e83'</value>
        </param>
        <param ref-id="ef6073ce-b662-4768-a4dd-b9d3b861dabc" id="3ee9b72b-8003-4837-b003-8f13e569fdf9" name="">
            <value type="data_list">'selinux4_exploit','A','https://www.virustotal.com/en/file/bd92bd94e2a8ada950da4435dff7f9a4abc7c010c2506350531738df9951287e/analysis/','b6ad2cf1ade47aef42ff9ce12c95f0c09bb17cc4','76117f5d52465d448200a4b447273511','bd92bd94e2a8ada950da4435dff7f9a4abc7c010c2506350531738df9951287e'</value>
        </param>
        <param ref-id="1072b954-6a2b-43d6-b172-0d31e9f1e0d0" id="83b24daf-4612-47c5-89d2-c249b308fcf6" name="">
            <value type="data_list">'selinux_check','D','','c4f48a5ee167d242368af0cb8b734b2d44c83760','b398883d5202454e59dac66e97483d1e','7e53bdb5aeb993a61cf5361143d479cac76c4ccde2f30031fff3d7206bda77c2'</value>
        </param>
        <param ref-id="bc48df29-47e9-4989-bbbc-583dbe6106cc" id="8065f08d-24e1-4056-b9e1-fd43e7d074f2" name="">
            <value type="data_list">'selinux_check','C','https://www.virustotal.com/en/file/685b100b20c59e275fbbc559bc51495014278754fcdddfe02e3c3a2bd42bc633/analysis/','eb31f2ab55038cdf904e0c332c93ad0faa813984','0ee1184f955d3bad6d25083add9a553c','685b100b20c59e275fbbc559bc51495014278754fcdddfe02e3c3a2bd42bc633'</value>
        </param>
        <param ref-id="77351cb9-7487-4eba-86e3-4ba32634b833" id="debf044c-65b9-47a0-9757-ab5fa6f3e9e1" name="">
            <value type="data_list">'selinux_check','C','https://www.virustotal.com/en/file/4a908d8ddf8ebe028a8214c08fd25dbac609c9a7ded8543f6b6bd03fe576f518/analysis/','acb18ef5ac4778434deb171bdac91634c4982c18','c3a49adf118490f44b3a377bea2bbc18','4a908d8ddf8ebe028a8214c08fd25dbac609c9a7ded8543f6b6bd03fe576f518'</value>
        </param>
        <param ref-id="6e25d276-ea6b-490c-95b3-7557df1b2cbc" id="73ec513f-21ef-4f0c-bbd0-8c52e04ef457" name="">
            <value type="data_list">'selinux_check','C','https://www.virustotal.com/en/file/9ad9519d7591b9a4ac1eac809c43becbc88db098d5df785db8a143430f9f5362/analysis/','fb020fc39003096e3a2c1a29953649e5119e10fd','f7f82c6cb325a01fa2f1dc8be3a1718c','9ad9519d7591b9a4ac1eac809c43becbc88db098d5df785db8a143430f9f5362'</value>
        </param>
        <param ref-id="04e17e3f-8c12-486b-a76b-e8cccfd5a094" id="37fc9767-b071-4e3b-92be-ae0095a19636" name="">
            <value type="data_list">'selinux_check','D','','1c123c8d6a25667dbd09eaa3a34532c1de1eef4a','80bc30749dfded46559f4c5587f04e63','2c3aa8359d1af7c2ff5d4c1ed5bffb6f707ee65006fcd2df354a7496b35bbc6a'</value>
        </param>
        <param ref-id="e7056d09-eca9-4329-ba1e-e23048078060" id="094c8b7f-13d1-4b83-b9f9-2fe8954c0756" name="">
            <value type="data_list">'selinux_exploit','D','','5fec8341f8ddca3dce27fb6826c398dc4ac920fb','587a6f3bbbe1fec85c514db6ce51991b','ccdf1fb0dcba91cfcea5ef907025674fe965580c8dd10495d6aaa9c9829cc1d1'</value>
        </param>
        <param ref-id="9de8c6a2-70bf-4798-ac4b-3952d7a33c10" id="16ce5260-fb24-4206-a315-88a2191f2d1a" name="">
            <value type="data_list">'selinux_exploit','D','','96c203089ee0f8d80ec2b5d4a1984f778bd4c59f','4e96db5411ad69e88b89ee9ea214376f','98cf937ac44843a3bc37130da20425ce7dcb5563d0af2a7d34a87f3cce478175'</value>
        </param>
        <param ref-id="fd6e4a35-e027-486f-b9d7-fe6cec227a52" id="c45fb763-d4c1-4866-bd67-fbcf6dddde08" name="">
            <value type="data_list">'selinux_exploit','A','https://www.virustotal.com/en/file/d7c9dac1541a534e55a04256e0310fe0229dbdc0253d6afc4fc13589220edd62/analysis/','16c77199d1f49af41147ab5283f61a6d698dda37','4c5c3932fcfc2d2c4476d35ade765acc','d7c9dac1541a534e55a04256e0310fe0229dbdc0253d6afc4fc13589220edd62'</value>
        </param>
        <param ref-id="7df51fd0-0ed2-4c5d-b93b-e545bc11cdaa" id="9471aac5-78b8-49f0-90f3-d696d0df9b53" name="">
            <value type="data_list">'selinux_exploit','D','','5273f2937aa1b88ad65c010dc8e5d5341a85d16f','7be3fa705acbd74a95ac9b20ced9a22b','beff505e53144a261411d18ed574a9c226c2bdd25a0b07bcdba742402ef2f333'</value>
        </param>
        <param ref-id="c6058bdf-ea16-441a-b896-11a67db10896" id="3e38e48b-e97c-4064-a15a-fae5dada056e" name="">
            <value type="data_list">'selinux_exploit','A','https://www.virustotal.com/en/file/26e9816116de8b26ba0b1aa12fe4177dd1196ccdb9c93cbcd1b0593ce3f81e79/analysis/','f9a7ef83a235bd6c233450eb0351192d4f281b7c','b7cb3d3b02d1d3ede8b27d1f94eaa29c','26e9816116de8b26ba0b1aa12fe4177dd1196ccdb9c93cbcd1b0593ce3f81e79'</value>
        </param>
        <param ref-id="d33e4297-69a5-4ddf-90bd-7ca16ca8e228" id="56a9988c-a921-47d5-a515-7271f967fdc8" name="">
            <value type="data_list">'selinux_exploit','C','https://www.virustotal.com/en/file/d6ab38fa7f41cda2bf10da8ba418ef49b0a3e534e8ca83a75aa23be0a81df167/analysis/','c48bfa2b6b14619cab9773ec5e6900cf3e890274','a601f648d79c0d0eb53f8eef75dc7958','d6ab38fa7f41cda2bf10da8ba418ef49b0a3e534e8ca83a75aa23be0a81df167'</value>
        </param>
        <param ref-id="bba7e8b3-1669-4edf-8f3c-b60c58e891e4" id="a3b8709d-67ef-4f3e-91f4-292ae8b08730" name="">
            <value type="data_list">'selinux_exploit','A','https://www.virustotal.com/en/file/dccfe5c8e66f729783e39f6c2aa87e27a9c18d0aae94379a1cb97ae1933b66bb/analysis/','672cff254ee7f789b8b6f73741a1b79023fb9d7b','7604d61a6d84826b3d7401040fa3e2f6','dccfe5c8e66f729783e39f6c2aa87e27a9c18d0aae94379a1cb97ae1933b66bb'</value>
        </param>
        <param ref-id="2e872a14-48e3-49c9-8f4b-72b9abab7d06" id="05b1a726-5735-45a2-893a-6f1f7080d264" name="">
            <value type="data_list">'selinux_suidext','D','','8c61d168d2a1f8b2e5580f38756dd2d255b9abd8','de147eb7099771276b56eee3ff263a92','6b151f19d8b7add5a48b1fbe6142b89b52cd780ac5b0009746985c950f44920d'</value>
        </param>
        <param ref-id="3fd1e4aa-eede-41b9-8a07-5b7482d5e434" id="a4b2e22e-1998-4761-9857-f81d327e6979" name="">
            <value type="data_list">'selinux_suidext','D','','d7708e1834d4fdf6dcce494e8ed5ee29b687ad63','3fef9982534b45a9d1fcd241b58cb6b4','391bc486ad12d73ff3dab94c617638539226c7f5f68f38bdd71110bca12b79ad'</value>
        </param>
        <param ref-id="d72867cf-9306-46c6-a5b8-6c5abb080677" id="58b120ca-eeab-452b-b9e2-1658fcd4fe03" name="">
            <value type="data_list">'selinux_suidext','D','','ce35c7d457babe2e8c5fc8b54cd2e72ae8256132','22c6a690f018f5b469fb607d62ccb08f','03f98deb24b3602e660c617927a991b02cf3186eef45b122b7ce183300003e22'</value>
        </param>
        <param ref-id="42300559-ac40-4622-adee-69802a95e428" id="48e0de1b-3383-4c2e-823f-aa884e9a791e" name="">
            <value type="data_list">'selinux_suidext','C','https://www.virustotal.com/en/file/064284a97ed6e09e7de161aedec9103a9f88443bc666bf710f642269521ac957/analysis/','374eb74b92e8804e9e053781a9b52ee748c2f8fd','ff6027eb49bc01bce9a3d1cd2e4d03fe','064284a97ed6e09e7de161aedec9103a9f88443bc666bf710f642269521ac957'</value>
        </param>
        <param ref-id="a037ff86-4c59-4788-872c-512e5c6f644f" id="3e8b7ac6-ca9e-42cb-8f4b-da5530c7b00d" name="">
            <value type="data_list">'selinux_suidext','C','https://www.virustotal.com/en/file/f08bdf8a16434d254e8137134a98253af192224e29e6ec99ba66d0c88408a7d5/analysis/','5bcc19befcd9740935214fefb46413956a4b63c9','a597293f4662883c2ba9554628eea938','f08bdf8a16434d254e8137134a98253af192224e29e6ec99ba66d0c88408a7d5'</value>
        </param>
        <param ref-id="d4dff346-b7e5-46fc-a0d3-264b49de445e" id="5f71115a-f395-4eb3-8424-156048ca66cb" name="">
            <value type="data_list">'selinux_suidext_log','C','https://www.virustotal.com/en/file/7270f53ad27695f77ed685914d9bcb52e81fd159705f3d0c539570d4d6026159/analysis/','af17924a9f077e1573fac3779b552ed3988b7801','2f091caa60100397cf8566c567a2122f','7270f53ad27695f77ed685914d9bcb52e81fd159705f3d0c539570d4d6026159'</value>
        </param>
        <param ref-id="4c81e101-0de3-427d-8869-0c508cc4849b" id="909497a8-191c-4db3-8c13-a36b94e20d23" name="">
            <value type="data_list">'suidext','D','','4a53e960caeb2e708e8e5db6c5a00a369dc52b95','ad411714a590618fd5a9d66d724a9945','c509fc170cb182b37462179079e16c76ff4b87a70d2f17ff60ba5b7f98eb8cd8'</value>
        </param>
        <param ref-id="ff543a1b-cc33-4e07-90f4-aad4a877df2a" id="5b42b32d-97e6-4ed8-8d91-04ff12767e36" name="">
            <value type="data_list">'suidext','D','','6d88583d5433e477118ee1df1d15a302c9981a4f','729c72eb8ea7108812309430972e311c','ba51d2d00cc0ef67d435b0c368dd3e0b3ed8c12839ba95d45b06c9df5e7668be'</value>
        </param>
        <param ref-id="61b9a828-52ae-4689-90b6-2a76be90f76e" id="98ccf4ef-ef63-480b-94ec-1fec334d946b" name="">
            <value type="data_list">'suidext','D','','45e64d5a2d355b874734401502c8afbca531fee4','2e36d5e431d1a960819262d86047821a','dca5bb8ef6d240c8812ea154a21c26140ca7fe898d1e95fcbef5b9556bdb4be1'</value>
        </param>
        <param ref-id="f74ea204-0abe-4aac-bc87-98e4d7c2196b" id="a380a3b6-e141-454f-95bb-40e0c04e5912" name="">
            <value type="data_list">'suidext','D','','1950ad39cc77c0ea29a9b50bb6f7aa3d3be63aab','afd0f63d9279d516b9c629b2d0b21ce0','77fc2dea8a36575376595a9093cb1ce122fab4c4a8e4cb16f5ef461a620d7eb1'</value>
        </param>
        <param ref-id="aff4da89-93f7-46ad-b293-45944a0405f7" id="0551b984-2773-4cd5-a447-086c0b14cd6a" name="">
            <value type="data_list">'suidext','C','https://www.virustotal.com/en/file/237f517ce1f43f68d280a8eae96e561b170c15e5f5c750dcfde344480cb2f99b/analysis/','6199e972d003162430bad73660786c24d1d39335','aa9a2a98b8af878ff09a40bfa7193fd6','237f517ce1f43f68d280a8eae96e561b170c15e5f5c750dcfde344480cb2f99b'</value>
        </param>
    </parameters>
</OpenIOC>
